// !$*UTF8*$!
{
	archiveVersion = 1;
	classes = {
	};
	objectVersion = 50;
	objects = {

/* Begin PBXBuildFile section */
		CB12E37824926E3000007339 /* lamp-off.png in Resources */ = {isa = PBXBuildFile; fileRef = CB12E37524926E2F00007339 /* lamp-off.png */; };
		CB12E37924926E3000007339 /* lamp-on.png in Resources */ = {isa = PBXBuildFile; fileRef = CB12E37624926E2F00007339 /* lamp-on.png */; };
		CB12E37A24926E3000007339 /* lamp-remove.png in Resources */ = {isa = PBXBuildFile; fileRef = CB12E37724926E3000007339 /* lamp-remove.png */; };
		CB488E7124926BBA00A7CD62 /* AppDelegate.swift in Sources */ = {isa = PBXBuildFile; fileRef = CB488E7024926BBA00A7CD62 /* AppDelegate.swift */; };
		CB488E7324926BBA00A7CD62 /* SceneDelegate.swift in Sources */ = {isa = PBXBuildFile; fileRef = CB488E7224926BBA00A7CD62 /* SceneDelegate.swift */; };
		CB488E7524926BBA00A7CD62 /* ViewController.swift in Sources */ = {isa = PBXBuildFile; fileRef = CB488E7424926BBA00A7CD62 /* ViewController.swift */; };
		CB488E7824926BBA00A7CD62 /* Main.storyboard in Resources */ = {isa = PBXBuildFile; fileRef = CB488E7624926BBA00A7CD62 /* Main.storyboard */; };
		CB488E7A24926BBB00A7CD62 /* Assets.xcassets in Resources */ = {isa = PBXBuildFile; fileRef = CB488E7924926BBB00A7CD62 /* Assets.xcassets */; };
		CB488E7D24926BBB00A7CD62 /* LaunchScreen.storyboard in Resources */ = {isa = PBXBuildFile; fileRef = CB488E7B24926BBB00A7CD62 /* LaunchScreen.storyboard */; };
/* End PBXBuildFile section */

/* Begin PBXFileReference section */
		CB12E37524926E2F00007339 /* lamp-off.png */ = {isa = PBXFileReference; lastKnownFileType = image.png; path = "lamp-off.png"; sourceTree = "<group>"; };
		CB12E37624926E2F00007339 /* lamp-on.png */ = {isa = PBXFileReference; lastKnownFileType = image.png; path = "lamp-on.png"; sourceTree = "<group>"; };
		CB12E37724926E3000007339 /* lamp-remove.png */ = {isa = PBXFileReference; lastKnownFileType = image.png; path = "lamp-remove.png"; sourceTree = "<group>"; };
		CB488E6D24926BBA00A7CD62 /* Alert.app */ = {isa = PBXFileReference; explicitFileType = wrapper.application; includeInIndex = 0; path = Alert.app; sourceTree = BUILT_PRODUCTS_DIR; };
		CB488E7024926BBA00A7CD62 /* AppDelegate.swift */ = {isa = PBXFileReference; lastKnownFileType = sourcecode.swift; path = AppDelegate.swift; sourceTree = "<group>"; };
		CB488E7224926BBA00A7CD62 /* SceneDelegate.swift */ = {isa = PBXFileReference; lastKnownFileType = sourcecode.swift; path = SceneDelegate.swift; sourceTree = "<group>"; };
		CB488E7424926BBA00A7CD62 /* ViewController.swift */ = {isa = PBXFileReference; lastKnownFileType = sourcecode.swift; path = ViewController.swift; sourceTree = "<group>"; };
		CB488E7724926BBA00A7CD62 /* Base */ = {isa = PBXFileReference; lastKnownFileType = file.storyboard; name = Base; path = Base.lproj/Main.storyboard; sourceTree = "<group>"; };
		CB488E7924926BBB00A7CD62 /* Assets.xcassets */ = {isa = PBXFileReference; lastKnownFileType = folder.assetcatalog; path = Assets.xcassets; sourceTree = "<group>"; };
		CB488E7C24926BBB00A7CD62 /* Base */ = {isa = PBXFileReference; lastKnownFileType = file.storyboard; name = Base; path = Base.lproj/LaunchScreen.storyboard; sourceTree = "<group>"; };
		CB488E7E24926BBB00A7CD62 /* Info.plist */ = {isa = PBXFileReference; lastKnownFileType = text.plist.xml; path = Info.plist; sourceTree = "<group>"; };
/* End PBXFileReference section */

/* Begin PBXFrameworksBuildPhase section */
		CB488E6A24926BBA00A7CD62 /* Frameworks */ = {
			isa = PBXFrameworksBuildPhase;
			buildActionMask = 2147483647;
			files = (
			);
			runOnlyForDeploymentPostprocessing = 0;
		};
/* End PBXFrameworksBuildPhase section */

/* Begin PBXGroup section */
		CB488E6424926BBA00A7CD62 = {
			isa = PBXGroup;
			children = (
				CB488E6F24926BBA00A7CD62 /* Alert */,
				CB488E6E24926BBA00A7CD62 /* Products */,
			);
			sourceTree = "<group>";
		};
		CB488E6E24926BBA00A7CD62 /* Products */ = {
			isa = PBXGroup;
			children = (
				CB488E6D24926BBA00A7CD62 /* Alert.app */,
			);
			name = Products;
			sourceTree = "<group>";
		};
		CB488E6F24926BBA00A7CD62 /* Alert */ = {
			isa = PBXGroup;
			children = (
				CB12E37524926E2F00007339 /* lamp-off.png */,
				CB12E37624926E2F00007339 /* lamp-on.png */,
				CB12E37724926E3000007339 /* lamp-remove.png */,
				CB488E7024926BBA00A7CD62 /* AppDelegate.swift */,
				CB488E7224926BBA00A7CD62 /* SceneDelegate.swift */,
				CB488E7424926BBA00A7CD62 /* ViewController.swift */,
				CB488E7624926BBA00A7CD62 /* Main.storyboard */,
				CB488E7924926BBB00A7CD62 /* Assets.xcassets */,
				CB488E7B24926BBB00A7CD62 /* LaunchScreen.storyboard */,
				CB488E7E24926BBB00A7CD62 /* Info.plist */,
			);
			path = Alert;
			sourceTree = "<group>";
		};
/* End PBXGroup section */

/* Begin PBXNativeTarget section */
		CB488E6C24926BBA00A7CD62 /* Alert */ = {
			isa = PBXNativeTarget;
			buildConfigurationList = CB488E8124926BBB00A7CD62 /* Build configuration list for PBXNativeTarget "Alert" */;
			buildPhases = (
				CB488E6924926BBA00A7CD62 /* Sources */,
				CB488E6A24926BBA00A7CD62 /* Frameworks */,
				CB488E6B24926BBA00A7CD62 /* Resources */,
			);
			buildRules = (
			);
			dependencies = (
			);
			name = Alert;
			productName = Alert;
			productReference = CB488E6D24926BBA00A7CD62 /* Alert.app */;
			productType = "com.apple.product-type.application";
		};
/* End PBXNativeTarget section */

/* Begin PBXProject section */
		CB488E6524926BBA00A7CD62 /* Project object */ = {
			isa = PBXProject;
			attributes = {
				LastSwiftUpdateCheck = 1150;
				LastUpgradeCheck = 1150;
				ORGANIZATIONNAME = "임성현";
				TargetAttributes = {
					CB488E6C24926BBA00A7CD62 = {
						CreatedOnToolsVersion = 11.5;
					};
				};
			};
			buildConfigurationList = CB488E6824926BBA00A7CD62 /* Build configuration list for PBXProject "Alert" */;
			compatibilityVersion = "Xcode 9.3";
			developmentRegion = en;
			hasScannedForEncodings = 0;
			knownRegions = (
				en,
				Base,
			);
			mainGroup = CB488E6424926BBA00A7CD62;
			productRefGroup = CB488E6E24926BBA00A7CD62 /* Products */;
			projectDirPath = "";
			projectRoot = "";
			targets = (
				CB488E6C24926BBA00A7CD62 /* Alert */,
			);
		};
/* End PBXProject section */

/* Begin PBXResourcesBuildPhase section */
		CB488E6B24926BBA00A7CD62 /* Resources */ = {
			isa = PBXResourcesBuildPhase;
			buildActionMask = 2147483647;
			files = (
				CB488E7D24926BBB00A7CD62 /* LaunchScreen.storyboard in Resources */,
				CB12E37A24926E3000007339 /* lamp-remove.png in Resources */,
				CB12E37824926E3000007339 /* lamp-off.png in Resources */,
				CB488E7A24926BBB00A7CD62 /* Assets.xcassets in Resources */,
				CB488E7824926BBA00A7CD62 /* Main.storyboard in Resources */,
				CB12E37924926E3000007339 /* lamp-on.png in Resources */,
			);
			runOnlyForDeploymentPostprocessing = 0;
		};
/* End PBXResourcesBuildPhase section */

/* Begin PBXSourcesBuildPhase section */
		CB488E6924926BBA00A7CD62 /* Sources */ = {
			isa = PBXSourcesBuildPhase;
			buildActionMask = 2147483647;
			files = (
				CB488E7524926BBA00A7CD62 /* ViewController.swift in Sources */,
				CB488E7124926BBA00A7CD62 /* AppDelegate.swift in Sources */,
				CB488E7324926BBA00A7CD62 /* SceneDelegate.swift in Sources */,
			);
			runOnlyForDeploymentPostprocessing = 0;
		};
/* End PBXSourcesBuildPhase section */

/* Begin PBXVariantGroup section */
		CB488E7624926BBA00A7CD62 /* Main.storyboard */ = {
			isa = PBXVariantGroup;
			children = (
				CB488E7724926BBA00A7CD62 /* Base */,
			);
			name = Main.storyboard;
			sourceTree = "<group>";
		};
		CB488E7B24926BBB00A7CD62 /* LaunchScreen.storyboard */ = {
			isa = PBXVariantGroup;
			children = (
				CB488E7C24926BBB00A7CD62 /* Base */,
			);
			name = LaunchScreen.storyboard;
			sourceTree = "<group>";
		};
/* End PBXVariantGroup section */

/* Begin XCBuildConfiguration section */
		CB488E7F24926BBB00A7CD62 /* Debug */ = {
			isa = XCBuildConfiguration;
			buildSettings = {
				ALWAYS_SEARCH_USER_PATHS = NO;
				CLANG_ANALYZER_NONNULL = YES;
				CLANG_ANALYZER_NUMBER_OBJECT_CONVERSION = YES_AGGRESSIVE;
				CLANG_CXX_LANGUAGE_STANDARD = "gnu++14";
				CLANG_CXX_LIBRARY = "libc++";
				CLANG_ENABLE_MODULES = YES;
				CLANG_ENABLE_OBJC_ARC = YES;
				CLANG_ENABLE_OBJC_WEAK = YES;
				CLANG_WARN_BLOCK_CAPTURE_AUTORELEASING = YES;
				CLANG_WARN_BOOL_CONVERSION = YES;
				CLANG_WARN_COMMA = YES;
				CLANG_WARN_CONSTANT_CONVERSION = YES;
				CLANG_WARN_DEPRECATED_OBJC_IMPLEMENTATIONS = YES;
				CLANG_WARN_DIRECT_OBJC_ISA_USAGE = YES_ERROR;
				CLANG_WARN_DOCUMENTATION_COMMENTS = YES;
				CLANG_WARN_EMPTY_BODY = YES;
				CLANG_WARN_ENUM_CONVERSION = YES;
				CLANG_WARN_INFINITE_RECURSION = YES;
				CLANG_WARN_INT_CONVERSION = YES;
				CLANG_WARN_NON_LITERAL_NULL_CONVERSION = YES;
				CLANG_WARN_OBJC_IMPLICIT_RETAIN_SELF = YES;
				CLANG_WARN_OBJC_LITERAL_CONVERSION = YES;
				CLANG_WARN_OBJC_ROOT_CLASS = YES_ERROR;
				CLANG_WARN_RANGE_LOOP_ANALYSIS = YES;
				CLANG_WARN_STRICT_PROTOTYPES = YES;
				CLANG_WARN_SUSPICIOUS_MOVE = YES;
				CLANG_WARN_UNGUARDED_AVAILABILITY = YES_AGGRESSIVE;
				CLANG_WARN_UNREACHABLE_CODE = YES;
				CLANG_WARN__DUPLICATE_METHOD_MATCH = YES;
				COPY_PHASE_STRIP = NO;
				DEBUG_INFORMATION_FORMAT = dwarf;
				ENABLE_STRICT_OBJC_MSGSEND = YES;
				ENABLE_TESTABILITY = YES;
				GCC_C_LANGUAGE_STANDARD = gnu11;
				GCC_DYNAMIC_NO_PIC = NO;
				GCC_NO_COMMON_BLOCKS = YES;
				GCC_OPTIMIZATION_LEVEL = 0;
				GCC_PREPROCESSOR_DEFINITIONS = (
					"DEBUG=1",
					"$(inherited)",
				);
				GCC_WARN_64_TO_32_BIT_CONVERSION = YES;
				GCC_WARN_ABOUT_RETURN_TYPE = YES_ERROR;
				GCC_WARN_UNDECLARED_SELECTOR = YES;
				GCC_WARN_UNINITIALIZED_AUTOS = YES_AGGRESSIVE;
				GCC_WARN_UNUSED_FUNCTION = YES;
				GCC_WARN_UNUSED_VARIABLE = YES;
				IPHONEOS_DEPLOYMENT_TARGET = 13.5;
				MTL_ENABLE_DEBUG_INFO = INCLUDE_SOURCE;
				MTL_FAST_MATH = YES;
				ONLY_ACTIVE_ARCH = YES;
				SDKROOT = iphoneos;
				SWIFT_ACTIVE_COMPILATION_CONDITIONS = DEBUG;
				SWIFT_OPTIMIZATION_LEVEL = "-Onone";
			};
			name = Debug;
		};
		CB488E8024926BBB00A7CD62 /* Release */ = {
			isa = XCBuildConfiguration;
			buildSettings = {
				ALWAYS_SEARCH_USER_PATHS = NO;
				CLANG_ANALYZER_NONNULL = YES;
				CLANG_ANALYZER_NUMBER_OBJECT_CONVERSION = YES_AGGRESSIVE;
				CLANG_CXX_LANGUAGE_STANDARD = "gnu++14";
				CLANG_CXX_LIBRARY = "libc++";
				CLANG_ENABLE_MODULES = YES;
				CLANG_ENABLE_OBJC_ARC = YES;
				CLANG_ENABLE_OBJC_WEAK = YES;
				CLANG_WARN_BLOCK_CAPTURE_AUTORELEASING = YES;
				CLANG_WARN_BOOL_CONVERSION = YES;
				CLANG_WARN_COMMA = YES;
				CLANG_WARN_CONSTANT_CONVERSION = YES;
				CLANG_WARN_DEPRECATED_OBJC_IMPLEMENTATIONS = YES;
				CLANG_WARN_DIRECT_OBJC_ISA_USAGE = YES_ERROR;
				CLANG_WARN_DOCUMENTATION_COMMENTS = YES;
				CLANG_WARN_EMPTY_BODY = YES;
				CLANG_WARN_ENUM_CONVERSION = YES;
				CLANG_WARN_INFINITE_RECURSION = YES;
				CLANG_WARN_INT_CONVERSION = YES;
				CLANG_WARN_NON_LITERAL_NULL_CONVERSION = YES;
				CLANG_WARN_OBJC_IMPLICIT_RETAIN_SELF = YES;
				CLANG_WARN_OBJC_LITERAL_CONVERSION = YES;
				CLANG_WARN_OBJC_ROOT_CLASS = YES_ERROR;
				CLANG_WARN_RANGE_LOOP_ANALYSIS = YES;
				CLANG_WARN_STRICT_PROTOTYPES = YES;
				CLANG_WARN_SUSPICIOUS_MOVE = YES;
				CLANG_WARN_UNGUARDED_AVAILABILITY = YES_AGGRESSIVE;
				CLANG_WARN_UNREACHABLE_CODE = YES;
				CLANG_WARN__DUPLICATE_METHOD_MATCH = YES;
				COPY_PHASE_STRIP = NO;
				DEBUG_INFORMATION_FORMAT = "dwarf-with-dsym";
				ENABLE_NS_ASSERTIONS = NO;
				ENABLE_STRICT_OBJC_MSGSEND = YES;
				GCC_C_LANGUAGE_STANDARD = gnu11;
				GCC_NO_COMMON_BLOCKS = YES;
				GCC_WARN_64_TO_32_BIT_CONVERSION = YES;
				GCC_WARN_ABOUT_RETURN_TYPE = YES_ERROR;
				GCC_WARN_UNDECLARED_SELECTOR = YES;
				GCC_WARN_UNINITIALIZED_AUTOS = YES_AGGRESSIVE;
				GCC_WARN_UNUSED_FUNCTION = YES;
				GCC_WARN_UNUSED_VARIABLE = YES;
				IPHONEOS_DEPLOYMENT_TARGET = 13.5;
				MTL_ENABLE_DEBUG_INFO = NO;
				MTL_FAST_MATH = YES;
				SDKROOT = iphoneos;
				SWIFT_COMPILATION_MODE = wholemodule;
				SWIFT_OPTIMIZATION_LEVEL = "-O";
				VALIDATE_PRODUCT = YES;
			};
			name = Release;
		};
		CB488E8224926BBB00A7CD62 /* Debug */ = {
			isa = XCBuildConfiguration;
			buildSettings = {
				ASSETCATALOG_COMPILER_APPICON_NAME = AppIcon;
				CODE_SIGN_STYLE = Automatic;
				INFOPLIST_FILE = Alert/Info.plist;
				LD_RUNPATH_SEARCH_PATHS = (
					"$(inherited)",
					"@executable_path/Frameworks",
				);
				PRODUCT_BUNDLE_IDENTIFIER = com.sh.Alert;
				PRODUCT_NAME = "$(TARGET_NAME)";
				SWIFT_VERSION = 5.0;
				TARGETED_DEVICE_FAMILY = "1,2";
			};
			name = Debug;
		};
		CB488E8324926BBB00A7CD62 /* Release */ = {
			isa = XCBuildConfiguration;
			buildSettings = {
				ASSETCATALOG_COMPILER_APPICON_NAME = AppIcon;
				CODE_SIGN_STYLE = Automatic;
				INFOPLIST_FILE = Alert/Info.plist;
				LD_RUNPATH_SEARCH_PATHS = (
					"$(inherited)",
					"@executable_path/Frameworks",
				);
				PRODUCT_BUNDLE_IDENTIFIER = com.sh.Alert;
				PRODUCT_NAME = "$(TARGET_NAME)";
				SWIFT_VERSION = 5.0;
				TARGETED_DEVICE_FAMILY = "1,2";
			};
			name = Release;
		};
/* End XCBuildConfiguration section */

/* Begin XCConfigurationList section */
		CB488E6824926BBA00A7CD62 /* Build configuration list for PBXProject "Alert" */ = {
			isa = XCConfigurationList;
			buildConfigurations = (
				CB488E7F24926BBB00A7CD62 /* Debug */,
				CB488E8024926BBB00A7CD62 /* Release */,
			);
			defaultConfigurationIsVisible = 0;
			defaultConfigurationName = Release;
		};
		CB488E8124926BBB00A7CD62 /* Build configuration list for PBXNativeTarget "Alert" */ = {
			isa = XCConfigurationList;
			buildConfigurations = (
				CB488E8224926BBB00A7CD62 /* Debug */,
				CB488E8324926BBB00A7CD62 /* Release */,
			);
			defaultConfigurationIsVisible = 0;
			defaultConfigurationName = Release;
		};
/* End XCConfigurationList section */
	};
	rootObject = CB488E6524926BBA00A7CD62 /* Project object */;
}
