// !$*UTF8*$!
{
	archiveVersion = 1;
	classes = {
	};
	objectVersion = 50;
	objects = {

/* Begin PBXBuildFile section */
		CBC29FEC24D1C14100E2F93B /* AppDelegate.swift in Sources */ = {isa = PBXBuildFile; fileRef = CBC29FEB24D1C14100E2F93B /* AppDelegate.swift */; };
		CBC29FEE24D1C14100E2F93B /* SceneDelegate.swift in Sources */ = {isa = PBXBuildFile; fileRef = CBC29FED24D1C14100E2F93B /* SceneDelegate.swift */; };
		CBC29FF024D1C14100E2F93B /* ViewController.swift in Sources */ = {isa = PBXBuildFile; fileRef = CBC29FEF24D1C14100E2F93B /* ViewController.swift */; };
		CBC29FF324D1C14100E2F93B /* Main.storyboard in Resources */ = {isa = PBXBuildFile; fileRef = CBC29FF124D1C14100E2F93B /* Main.storyboard */; };
		CBC29FF524D1C14300E2F93B /* Assets.xcassets in Resources */ = {isa = PBXBuildFile; fileRef = CBC29FF424D1C14300E2F93B /* Assets.xcassets */; };
		CBC29FF824D1C14300E2F93B /* LaunchScreen.storyboard in Resources */ = {isa = PBXBuildFile; fileRef = CBC29FF624D1C14300E2F93B /* LaunchScreen.storyboard */; };
		CBC2A00024D1C72700E2F93B /* img-06.png in Resources */ = {isa = PBXBuildFile; fileRef = CBC29FFF24D1C72700E2F93B /* img-06.png */; };
/* End PBXBuildFile section */

/* Begin PBXFileReference section */
		CBC29FE824D1C14100E2F93B /* PinchGesture.app */ = {isa = PBXFileReference; explicitFileType = wrapper.application; includeInIndex = 0; path = PinchGesture.app; sourceTree = BUILT_PRODUCTS_DIR; };
		CBC29FEB24D1C14100E2F93B /* AppDelegate.swift */ = {isa = PBXFileReference; lastKnownFileType = sourcecode.swift; path = AppDelegate.swift; sourceTree = "<group>"; };
		CBC29FED24D1C14100E2F93B /* SceneDelegate.swift */ = {isa = PBXFileReference; lastKnownFileType = sourcecode.swift; path = SceneDelegate.swift; sourceTree = "<group>"; };
		CBC29FEF24D1C14100E2F93B /* ViewController.swift */ = {isa = PBXFileReference; lastKnownFileType = sourcecode.swift; path = ViewController.swift; sourceTree = "<group>"; };
		CBC29FF224D1C14100E2F93B /* Base */ = {isa = PBXFileReference; lastKnownFileType = file.storyboard; name = Base; path = Base.lproj/Main.storyboard; sourceTree = "<group>"; };
		CBC29FF424D1C14300E2F93B /* Assets.xcassets */ = {isa = PBXFileReference; lastKnownFileType = folder.assetcatalog; path = Assets.xcassets; sourceTree = "<group>"; };
		CBC29FF724D1C14300E2F93B /* Base */ = {isa = PBXFileReference; lastKnownFileType = file.storyboard; name = Base; path = Base.lproj/LaunchScreen.storyboard; sourceTree = "<group>"; };
		CBC29FF924D1C14300E2F93B /* Info.plist */ = {isa = PBXFileReference; lastKnownFileType = text.plist.xml; path = Info.plist; sourceTree = "<group>"; };
		CBC29FFF24D1C72700E2F93B /* img-06.png */ = {isa = PBXFileReference; lastKnownFileType = image.png; path = "img-06.png"; sourceTree = "<group>"; };
/* End PBXFileReference section */

/* Begin PBXFrameworksBuildPhase section */
		CBC29FE524D1C14100E2F93B /* Frameworks */ = {
			isa = PBXFrameworksBuildPhase;
			buildActionMask = 2147483647;
			files = (
			);
			runOnlyForDeploymentPostprocessing = 0;
		};
/* End PBXFrameworksBuildPhase section */

/* Begin PBXGroup section */
		CBC29FDF24D1C14100E2F93B = {
			isa = PBXGroup;
			children = (
				CBC29FEA24D1C14100E2F93B /* PinchGesture */,
				CBC29FE924D1C14100E2F93B /* Products */,
			);
			sourceTree = "<group>";
		};
		CBC29FE924D1C14100E2F93B /* Products */ = {
			isa = PBXGroup;
			children = (
				CBC29FE824D1C14100E2F93B /* PinchGesture.app */,
			);
			name = Products;
			sourceTree = "<group>";
		};
		CBC29FEA24D1C14100E2F93B /* PinchGesture */ = {
			isa = PBXGroup;
			children = (
				CBC29FFF24D1C72700E2F93B /* img-06.png */,
				CBC29FEB24D1C14100E2F93B /* AppDelegate.swift */,
				CBC29FED24D1C14100E2F93B /* SceneDelegate.swift */,
				CBC29FEF24D1C14100E2F93B /* ViewController.swift */,
				CBC29FF124D1C14100E2F93B /* Main.storyboard */,
				CBC29FF424D1C14300E2F93B /* Assets.xcassets */,
				CBC29FF624D1C14300E2F93B /* LaunchScreen.storyboard */,
				CBC29FF924D1C14300E2F93B /* Info.plist */,
			);
			path = PinchGesture;
			sourceTree = "<group>";
		};
/* End PBXGroup section */

/* Begin PBXNativeTarget section */
		CBC29FE724D1C14100E2F93B /* PinchGesture */ = {
			isa = PBXNativeTarget;
			buildConfigurationList = CBC29FFC24D1C14300E2F93B /* Build configuration list for PBXNativeTarget "PinchGesture" */;
			buildPhases = (
				CBC29FE424D1C14100E2F93B /* Sources */,
				CBC29FE524D1C14100E2F93B /* Frameworks */,
				CBC29FE624D1C14100E2F93B /* Resources */,
			);
			buildRules = (
			);
			dependencies = (
			);
			name = PinchGesture;
			productName = PinchGesture;
			productReference = CBC29FE824D1C14100E2F93B /* PinchGesture.app */;
			productType = "com.apple.product-type.application";
		};
/* End PBXNativeTarget section */

/* Begin PBXProject section */
		CBC29FE024D1C14100E2F93B /* Project object */ = {
			isa = PBXProject;
			attributes = {
				LastSwiftUpdateCheck = 1150;
				LastUpgradeCheck = 1150;
				ORGANIZATIONNAME = "임성현";
				TargetAttributes = {
					CBC29FE724D1C14100E2F93B = {
						CreatedOnToolsVersion = 11.5;
					};
				};
			};
			buildConfigurationList = CBC29FE324D1C14100E2F93B /* Build configuration list for PBXProject "PinchGesture" */;
			compatibilityVersion = "Xcode 9.3";
			developmentRegion = en;
			hasScannedForEncodings = 0;
			knownRegions = (
				en,
				Base,
			);
			mainGroup = CBC29FDF24D1C14100E2F93B;
			productRefGroup = CBC29FE924D1C14100E2F93B /* Products */;
			projectDirPath = "";
			projectRoot = "";
			targets = (
				CBC29FE724D1C14100E2F93B /* PinchGesture */,
			);
		};
/* End PBXProject section */

/* Begin PBXResourcesBuildPhase section */
		CBC29FE624D1C14100E2F93B /* Resources */ = {
			isa = PBXResourcesBuildPhase;
			buildActionMask = 2147483647;
			files = (
				CBC29FF824D1C14300E2F93B /* LaunchScreen.storyboard in Resources */,
				CBC2A00024D1C72700E2F93B /* img-06.png in Resources */,
				CBC29FF524D1C14300E2F93B /* Assets.xcassets in Resources */,
				CBC29FF324D1C14100E2F93B /* Main.storyboard in Resources */,
			);
			runOnlyForDeploymentPostprocessing = 0;
		};
/* End PBXResourcesBuildPhase section */

/* Begin PBXSourcesBuildPhase section */
		CBC29FE424D1C14100E2F93B /* Sources */ = {
			isa = PBXSourcesBuildPhase;
			buildActionMask = 2147483647;
			files = (
				CBC29FF024D1C14100E2F93B /* ViewController.swift in Sources */,
				CBC29FEC24D1C14100E2F93B /* AppDelegate.swift in Sources */,
				CBC29FEE24D1C14100E2F93B /* SceneDelegate.swift in Sources */,
			);
			runOnlyForDeploymentPostprocessing = 0;
		};
/* End PBXSourcesBuildPhase section */

/* Begin PBXVariantGroup section */
		CBC29FF124D1C14100E2F93B /* Main.storyboard */ = {
			isa = PBXVariantGroup;
			children = (
				CBC29FF224D1C14100E2F93B /* Base */,
			);
			name = Main.storyboard;
			sourceTree = "<group>";
		};
		CBC29FF624D1C14300E2F93B /* LaunchScreen.storyboard */ = {
			isa = PBXVariantGroup;
			children = (
				CBC29FF724D1C14300E2F93B /* Base */,
			);
			name = LaunchScreen.storyboard;
			sourceTree = "<group>";
		};
/* End PBXVariantGroup section */

/* Begin XCBuildConfiguration section */
		CBC29FFA24D1C14300E2F93B /* Debug */ = {
			isa = XCBuildConfiguration;
			buildSettings = {
				ALWAYS_SEARCH_USER_PATHS = NO;
				CLANG_ANALYZER_NONNULL = YES;
				CLANG_ANALYZER_NUMBER_OBJECT_CONVERSION = YES_AGGRESSIVE;
				CLANG_CXX_LANGUAGE_STANDARD = "gnu++14";
				CLANG_CXX_LIBRARY = "libc++";
				CLANG_ENABLE_MODULES = YES;
				CLANG_ENABLE_OBJC_ARC = YES;
				CLANG_ENABLE_OBJC_WEAK = YES;
				CLANG_WARN_BLOCK_CAPTURE_AUTORELEASING = YES;
				CLANG_WARN_BOOL_CONVERSION = YES;
				CLANG_WARN_COMMA = YES;
				CLANG_WARN_CONSTANT_CONVERSION = YES;
				CLANG_WARN_DEPRECATED_OBJC_IMPLEMENTATIONS = YES;
				CLANG_WARN_DIRECT_OBJC_ISA_USAGE = YES_ERROR;
				CLANG_WARN_DOCUMENTATION_COMMENTS = YES;
				CLANG_WARN_EMPTY_BODY = YES;
				CLANG_WARN_ENUM_CONVERSION = YES;
				CLANG_WARN_INFINITE_RECURSION = YES;
				CLANG_WARN_INT_CONVERSION = YES;
				CLANG_WARN_NON_LITERAL_NULL_CONVERSION = YES;
				CLANG_WARN_OBJC_IMPLICIT_RETAIN_SELF = YES;
				CLANG_WARN_OBJC_LITERAL_CONVERSION = YES;
				CLANG_WARN_OBJC_ROOT_CLASS = YES_ERROR;
				CLANG_WARN_RANGE_LOOP_ANALYSIS = YES;
				CLANG_WARN_STRICT_PROTOTYPES = YES;
				CLANG_WARN_SUSPICIOUS_MOVE = YES;
				CLANG_WARN_UNGUARDED_AVAILABILITY = YES_AGGRESSIVE;
				CLANG_WARN_UNREACHABLE_CODE = YES;
				CLANG_WARN__DUPLICATE_METHOD_MATCH = YES;
				COPY_PHASE_STRIP = NO;
				DEBUG_INFORMATION_FORMAT = dwarf;
				ENABLE_STRICT_OBJC_MSGSEND = YES;
				ENABLE_TESTABILITY = YES;
				GCC_C_LANGUAGE_STANDARD = gnu11;
				GCC_DYNAMIC_NO_PIC = NO;
				GCC_NO_COMMON_BLOCKS = YES;
				GCC_OPTIMIZATION_LEVEL = 0;
				GCC_PREPROCESSOR_DEFINITIONS = (
					"DEBUG=1",
					"$(inherited)",
				);
				GCC_WARN_64_TO_32_BIT_CONVERSION = YES;
				GCC_WARN_ABOUT_RETURN_TYPE = YES_ERROR;
				GCC_WARN_UNDECLARED_SELECTOR = YES;
				GCC_WARN_UNINITIALIZED_AUTOS = YES_AGGRESSIVE;
				GCC_WARN_UNUSED_FUNCTION = YES;
				GCC_WARN_UNUSED_VARIABLE = YES;
				IPHONEOS_DEPLOYMENT_TARGET = 13.5;
				MTL_ENABLE_DEBUG_INFO = INCLUDE_SOURCE;
				MTL_FAST_MATH = YES;
				ONLY_ACTIVE_ARCH = YES;
				SDKROOT = iphoneos;
				SWIFT_ACTIVE_COMPILATION_CONDITIONS = DEBUG;
				SWIFT_OPTIMIZATION_LEVEL = "-Onone";
			};
			name = Debug;
		};
		CBC29FFB24D1C14300E2F93B /* Release */ = {
			isa = XCBuildConfiguration;
			buildSettings = {
				ALWAYS_SEARCH_USER_PATHS = NO;
				CLANG_ANALYZER_NONNULL = YES;
				CLANG_ANALYZER_NUMBER_OBJECT_CONVERSION = YES_AGGRESSIVE;
				CLANG_CXX_LANGUAGE_STANDARD = "gnu++14";
				CLANG_CXX_LIBRARY = "libc++";
				CLANG_ENABLE_MODULES = YES;
				CLANG_ENABLE_OBJC_ARC = YES;
				CLANG_ENABLE_OBJC_WEAK = YES;
				CLANG_WARN_BLOCK_CAPTURE_AUTORELEASING = YES;
				CLANG_WARN_BOOL_CONVERSION = YES;
				CLANG_WARN_COMMA = YES;
				CLANG_WARN_CONSTANT_CONVERSION = YES;
				CLANG_WARN_DEPRECATED_OBJC_IMPLEMENTATIONS = YES;
				CLANG_WARN_DIRECT_OBJC_ISA_USAGE = YES_ERROR;
				CLANG_WARN_DOCUMENTATION_COMMENTS = YES;
				CLANG_WARN_EMPTY_BODY = YES;
				CLANG_WARN_ENUM_CONVERSION = YES;
				CLANG_WARN_INFINITE_RECURSION = YES;
				CLANG_WARN_INT_CONVERSION = YES;
				CLANG_WARN_NON_LITERAL_NULL_CONVERSION = YES;
				CLANG_WARN_OBJC_IMPLICIT_RETAIN_SELF = YES;
				CLANG_WARN_OBJC_LITERAL_CONVERSION = YES;
				CLANG_WARN_OBJC_ROOT_CLASS = YES_ERROR;
				CLANG_WARN_RANGE_LOOP_ANALYSIS = YES;
				CLANG_WARN_STRICT_PROTOTYPES = YES;
				CLANG_WARN_SUSPICIOUS_MOVE = YES;
				CLANG_WARN_UNGUARDED_AVAILABILITY = YES_AGGRESSIVE;
				CLANG_WARN_UNREACHABLE_CODE = YES;
				CLANG_WARN__DUPLICATE_METHOD_MATCH = YES;
				COPY_PHASE_STRIP = NO;
				DEBUG_INFORMATION_FORMAT = "dwarf-with-dsym";
				ENABLE_NS_ASSERTIONS = NO;
				ENABLE_STRICT_OBJC_MSGSEND = YES;
				GCC_C_LANGUAGE_STANDARD = gnu11;
				GCC_NO_COMMON_BLOCKS = YES;
				GCC_WARN_64_TO_32_BIT_CONVERSION = YES;
				GCC_WARN_ABOUT_RETURN_TYPE = YES_ERROR;
				GCC_WARN_UNDECLARED_SELECTOR = YES;
				GCC_WARN_UNINITIALIZED_AUTOS = YES_AGGRESSIVE;
				GCC_WARN_UNUSED_FUNCTION = YES;
				GCC_WARN_UNUSED_VARIABLE = YES;
				IPHONEOS_DEPLOYMENT_TARGET = 13.5;
				MTL_ENABLE_DEBUG_INFO = NO;
				MTL_FAST_MATH = YES;
				SDKROOT = iphoneos;
				SWIFT_COMPILATION_MODE = wholemodule;
				SWIFT_OPTIMIZATION_LEVEL = "-O";
				VALIDATE_PRODUCT = YES;
			};
			name = Release;
		};
		CBC29FFD24D1C14300E2F93B /* Debug */ = {
			isa = XCBuildConfiguration;
			buildSettings = {
				ASSETCATALOG_COMPILER_APPICON_NAME = AppIcon;
				CODE_SIGN_STYLE = Automatic;
				INFOPLIST_FILE = PinchGesture/Info.plist;
				LD_RUNPATH_SEARCH_PATHS = (
					"$(inherited)",
					"@executable_path/Frameworks",
				);
				PRODUCT_BUNDLE_IDENTIFIER = com.sh.PinchGesture;
				PRODUCT_NAME = "$(TARGET_NAME)";
				SWIFT_VERSION = 5.0;
				TARGETED_DEVICE_FAMILY = "1,2";
			};
			name = Debug;
		};
		CBC29FFE24D1C14300E2F93B /* Release */ = {
			isa = XCBuildConfiguration;
			buildSettings = {
				ASSETCATALOG_COMPILER_APPICON_NAME = AppIcon;
				CODE_SIGN_STYLE = Automatic;
				INFOPLIST_FILE = PinchGesture/Info.plist;
				LD_RUNPATH_SEARCH_PATHS = (
					"$(inherited)",
					"@executable_path/Frameworks",
				);
				PRODUCT_BUNDLE_IDENTIFIER = com.sh.PinchGesture;
				PRODUCT_NAME = "$(TARGET_NAME)";
				SWIFT_VERSION = 5.0;
				TARGETED_DEVICE_FAMILY = "1,2";
			};
			name = Release;
		};
/* End XCBuildConfiguration section */

/* Begin XCConfigurationList section */
		CBC29FE324D1C14100E2F93B /* Build configuration list for PBXProject "PinchGesture" */ = {
			isa = XCConfigurationList;
			buildConfigurations = (
				CBC29FFA24D1C14300E2F93B /* Debug */,
				CBC29FFB24D1C14300E2F93B /* Release */,
			);
			defaultConfigurationIsVisible = 0;
			defaultConfigurationName = Release;
		};
		CBC29FFC24D1C14300E2F93B /* Build configuration list for PBXNativeTarget "PinchGesture" */ = {
			isa = XCConfigurationList;
			buildConfigurations = (
				CBC29FFD24D1C14300E2F93B /* Debug */,
				CBC29FFE24D1C14300E2F93B /* Release */,
			);
			defaultConfigurationIsVisible = 0;
			defaultConfigurationName = Release;
		};
/* End XCConfigurationList section */
	};
	rootObject = CBC29FE024D1C14100E2F93B /* Project object */;
}
