// !$*UTF8*$!
{
	archiveVersion = 1;
	classes = {
	};
	objectVersion = 50;
	objects = {

/* Begin PBXBuildFile section */
		CBC29FB324D006C500E2F93B /* AppDelegate.swift in Sources */ = {isa = PBXBuildFile; fileRef = CBC29FB224D006C500E2F93B /* AppDelegate.swift */; };
		CBC29FB524D006C500E2F93B /* SceneDelegate.swift in Sources */ = {isa = PBXBuildFile; fileRef = CBC29FB424D006C500E2F93B /* SceneDelegate.swift */; };
		CBC29FB724D006C500E2F93B /* ViewController.swift in Sources */ = {isa = PBXBuildFile; fileRef = CBC29FB624D006C500E2F93B /* ViewController.swift */; };
		CBC29FBA24D006C500E2F93B /* Main.storyboard in Resources */ = {isa = PBXBuildFile; fileRef = CBC29FB824D006C500E2F93B /* Main.storyboard */; };
		CBC29FBC24D006C700E2F93B /* Assets.xcassets in Resources */ = {isa = PBXBuildFile; fileRef = CBC29FBB24D006C700E2F93B /* Assets.xcassets */; };
		CBC29FBF24D006C700E2F93B /* LaunchScreen.storyboard in Resources */ = {isa = PBXBuildFile; fileRef = CBC29FBD24D006C700E2F93B /* LaunchScreen.storyboard */; };
		CBC29FD324D0088E00E2F93B /* arrow-left-red.png in Resources */ = {isa = PBXBuildFile; fileRef = CBC29FC724D0088E00E2F93B /* arrow-left-red.png */; };
		CBC29FD424D0088E00E2F93B /* arrow-up-red.png in Resources */ = {isa = PBXBuildFile; fileRef = CBC29FC824D0088E00E2F93B /* arrow-up-red.png */; };
		CBC29FD524D0088E00E2F93B /* arrow-right-green.png in Resources */ = {isa = PBXBuildFile; fileRef = CBC29FC924D0088E00E2F93B /* arrow-right-green.png */; };
		CBC29FD624D0088E00E2F93B /* arrow-up-green.png in Resources */ = {isa = PBXBuildFile; fileRef = CBC29FCA24D0088E00E2F93B /* arrow-up-green.png */; };
		CBC29FD724D0088E00E2F93B /* arrow-up-black.png in Resources */ = {isa = PBXBuildFile; fileRef = CBC29FCB24D0088E00E2F93B /* arrow-up-black.png */; };
		CBC29FD824D0088E00E2F93B /* arrow-right-black.png in Resources */ = {isa = PBXBuildFile; fileRef = CBC29FCC24D0088E00E2F93B /* arrow-right-black.png */; };
		CBC29FD924D0088E00E2F93B /* arrow-left-black.png in Resources */ = {isa = PBXBuildFile; fileRef = CBC29FCD24D0088E00E2F93B /* arrow-left-black.png */; };
		CBC29FDA24D0088E00E2F93B /* arrow-down-black.png in Resources */ = {isa = PBXBuildFile; fileRef = CBC29FCE24D0088E00E2F93B /* arrow-down-black.png */; };
		CBC29FDB24D0088E00E2F93B /* arrow-down-red.png in Resources */ = {isa = PBXBuildFile; fileRef = CBC29FCF24D0088E00E2F93B /* arrow-down-red.png */; };
		CBC29FDC24D0088E00E2F93B /* arrow-right-red.png in Resources */ = {isa = PBXBuildFile; fileRef = CBC29FD024D0088E00E2F93B /* arrow-right-red.png */; };
		CBC29FDD24D0088E00E2F93B /* arrow-down-green.png in Resources */ = {isa = PBXBuildFile; fileRef = CBC29FD124D0088E00E2F93B /* arrow-down-green.png */; };
		CBC29FDE24D0088E00E2F93B /* arrow-left-green.png in Resources */ = {isa = PBXBuildFile; fileRef = CBC29FD224D0088E00E2F93B /* arrow-left-green.png */; };
/* End PBXBuildFile section */

/* Begin PBXFileReference section */
		CBC29FAF24D006C500E2F93B /* SwipeGesture.app */ = {isa = PBXFileReference; explicitFileType = wrapper.application; includeInIndex = 0; path = SwipeGesture.app; sourceTree = BUILT_PRODUCTS_DIR; };
		CBC29FB224D006C500E2F93B /* AppDelegate.swift */ = {isa = PBXFileReference; lastKnownFileType = sourcecode.swift; path = AppDelegate.swift; sourceTree = "<group>"; };
		CBC29FB424D006C500E2F93B /* SceneDelegate.swift */ = {isa = PBXFileReference; lastKnownFileType = sourcecode.swift; path = SceneDelegate.swift; sourceTree = "<group>"; };
		CBC29FB624D006C500E2F93B /* ViewController.swift */ = {isa = PBXFileReference; lastKnownFileType = sourcecode.swift; path = ViewController.swift; sourceTree = "<group>"; };
		CBC29FB924D006C500E2F93B /* Base */ = {isa = PBXFileReference; lastKnownFileType = file.storyboard; name = Base; path = Base.lproj/Main.storyboard; sourceTree = "<group>"; };
		CBC29FBB24D006C700E2F93B /* Assets.xcassets */ = {isa = PBXFileReference; lastKnownFileType = folder.assetcatalog; path = Assets.xcassets; sourceTree = "<group>"; };
		CBC29FBE24D006C700E2F93B /* Base */ = {isa = PBXFileReference; lastKnownFileType = file.storyboard; name = Base; path = Base.lproj/LaunchScreen.storyboard; sourceTree = "<group>"; };
		CBC29FC024D006C700E2F93B /* Info.plist */ = {isa = PBXFileReference; lastKnownFileType = text.plist.xml; path = Info.plist; sourceTree = "<group>"; };
		CBC29FC724D0088E00E2F93B /* arrow-left-red.png */ = {isa = PBXFileReference; lastKnownFileType = image.png; path = "arrow-left-red.png"; sourceTree = "<group>"; };
		CBC29FC824D0088E00E2F93B /* arrow-up-red.png */ = {isa = PBXFileReference; lastKnownFileType = image.png; path = "arrow-up-red.png"; sourceTree = "<group>"; };
		CBC29FC924D0088E00E2F93B /* arrow-right-green.png */ = {isa = PBXFileReference; lastKnownFileType = image.png; path = "arrow-right-green.png"; sourceTree = "<group>"; };
		CBC29FCA24D0088E00E2F93B /* arrow-up-green.png */ = {isa = PBXFileReference; lastKnownFileType = image.png; path = "arrow-up-green.png"; sourceTree = "<group>"; };
		CBC29FCB24D0088E00E2F93B /* arrow-up-black.png */ = {isa = PBXFileReference; lastKnownFileType = image.png; path = "arrow-up-black.png"; sourceTree = "<group>"; };
		CBC29FCC24D0088E00E2F93B /* arrow-right-black.png */ = {isa = PBXFileReference; lastKnownFileType = image.png; path = "arrow-right-black.png"; sourceTree = "<group>"; };
		CBC29FCD24D0088E00E2F93B /* arrow-left-black.png */ = {isa = PBXFileReference; lastKnownFileType = image.png; path = "arrow-left-black.png"; sourceTree = "<group>"; };
		CBC29FCE24D0088E00E2F93B /* arrow-down-black.png */ = {isa = PBXFileReference; lastKnownFileType = image.png; path = "arrow-down-black.png"; sourceTree = "<group>"; };
		CBC29FCF24D0088E00E2F93B /* arrow-down-red.png */ = {isa = PBXFileReference; lastKnownFileType = image.png; path = "arrow-down-red.png"; sourceTree = "<group>"; };
		CBC29FD024D0088E00E2F93B /* arrow-right-red.png */ = {isa = PBXFileReference; lastKnownFileType = image.png; path = "arrow-right-red.png"; sourceTree = "<group>"; };
		CBC29FD124D0088E00E2F93B /* arrow-down-green.png */ = {isa = PBXFileReference; lastKnownFileType = image.png; path = "arrow-down-green.png"; sourceTree = "<group>"; };
		CBC29FD224D0088E00E2F93B /* arrow-left-green.png */ = {isa = PBXFileReference; lastKnownFileType = image.png; path = "arrow-left-green.png"; sourceTree = "<group>"; };
/* End PBXFileReference section */

/* Begin PBXFrameworksBuildPhase section */
		CBC29FAC24D006C500E2F93B /* Frameworks */ = {
			isa = PBXFrameworksBuildPhase;
			buildActionMask = 2147483647;
			files = (
			);
			runOnlyForDeploymentPostprocessing = 0;
		};
/* End PBXFrameworksBuildPhase section */

/* Begin PBXGroup section */
		CBC29FA624D006C500E2F93B = {
			isa = PBXGroup;
			children = (
				CBC29FB124D006C500E2F93B /* SwipeGesture */,
				CBC29FB024D006C500E2F93B /* Products */,
			);
			sourceTree = "<group>";
		};
		CBC29FB024D006C500E2F93B /* Products */ = {
			isa = PBXGroup;
			children = (
				CBC29FAF24D006C500E2F93B /* SwipeGesture.app */,
			);
			name = Products;
			sourceTree = "<group>";
		};
		CBC29FB124D006C500E2F93B /* SwipeGesture */ = {
			isa = PBXGroup;
			children = (
				CBC29FC624D0086D00E2F93B /* images */,
				CBC29FB224D006C500E2F93B /* AppDelegate.swift */,
				CBC29FB424D006C500E2F93B /* SceneDelegate.swift */,
				CBC29FB624D006C500E2F93B /* ViewController.swift */,
				CBC29FB824D006C500E2F93B /* Main.storyboard */,
				CBC29FBB24D006C700E2F93B /* Assets.xcassets */,
				CBC29FBD24D006C700E2F93B /* LaunchScreen.storyboard */,
				CBC29FC024D006C700E2F93B /* Info.plist */,
			);
			path = SwipeGesture;
			sourceTree = "<group>";
		};
		CBC29FC624D0086D00E2F93B /* images */ = {
			isa = PBXGroup;
			children = (
				CBC29FCE24D0088E00E2F93B /* arrow-down-black.png */,
				CBC29FD124D0088E00E2F93B /* arrow-down-green.png */,
				CBC29FCF24D0088E00E2F93B /* arrow-down-red.png */,
				CBC29FCD24D0088E00E2F93B /* arrow-left-black.png */,
				CBC29FD224D0088E00E2F93B /* arrow-left-green.png */,
				CBC29FC724D0088E00E2F93B /* arrow-left-red.png */,
				CBC29FCC24D0088E00E2F93B /* arrow-right-black.png */,
				CBC29FC924D0088E00E2F93B /* arrow-right-green.png */,
				CBC29FD024D0088E00E2F93B /* arrow-right-red.png */,
				CBC29FCB24D0088E00E2F93B /* arrow-up-black.png */,
				CBC29FCA24D0088E00E2F93B /* arrow-up-green.png */,
				CBC29FC824D0088E00E2F93B /* arrow-up-red.png */,
			);
			path = images;
			sourceTree = "<group>";
		};
/* End PBXGroup section */

/* Begin PBXNativeTarget section */
		CBC29FAE24D006C500E2F93B /* SwipeGesture */ = {
			isa = PBXNativeTarget;
			buildConfigurationList = CBC29FC324D006C700E2F93B /* Build configuration list for PBXNativeTarget "SwipeGesture" */;
			buildPhases = (
				CBC29FAB24D006C500E2F93B /* Sources */,
				CBC29FAC24D006C500E2F93B /* Frameworks */,
				CBC29FAD24D006C500E2F93B /* Resources */,
			);
			buildRules = (
			);
			dependencies = (
			);
			name = SwipeGesture;
			productName = SwipeGesture;
			productReference = CBC29FAF24D006C500E2F93B /* SwipeGesture.app */;
			productType = "com.apple.product-type.application";
		};
/* End PBXNativeTarget section */

/* Begin PBXProject section */
		CBC29FA724D006C500E2F93B /* Project object */ = {
			isa = PBXProject;
			attributes = {
				LastSwiftUpdateCheck = 1150;
				LastUpgradeCheck = 1150;
				ORGANIZATIONNAME = "임성현";
				TargetAttributes = {
					CBC29FAE24D006C500E2F93B = {
						CreatedOnToolsVersion = 11.5;
					};
				};
			};
			buildConfigurationList = CBC29FAA24D006C500E2F93B /* Build configuration list for PBXProject "SwipeGesture" */;
			compatibilityVersion = "Xcode 9.3";
			developmentRegion = en;
			hasScannedForEncodings = 0;
			knownRegions = (
				en,
				Base,
			);
			mainGroup = CBC29FA624D006C500E2F93B;
			productRefGroup = CBC29FB024D006C500E2F93B /* Products */;
			projectDirPath = "";
			projectRoot = "";
			targets = (
				CBC29FAE24D006C500E2F93B /* SwipeGesture */,
			);
		};
/* End PBXProject section */

/* Begin PBXResourcesBuildPhase section */
		CBC29FAD24D006C500E2F93B /* Resources */ = {
			isa = PBXResourcesBuildPhase;
			buildActionMask = 2147483647;
			files = (
				CBC29FD424D0088E00E2F93B /* arrow-up-red.png in Resources */,
				CBC29FDB24D0088E00E2F93B /* arrow-down-red.png in Resources */,
				CBC29FDC24D0088E00E2F93B /* arrow-right-red.png in Resources */,
				CBC29FD824D0088E00E2F93B /* arrow-right-black.png in Resources */,
				CBC29FD924D0088E00E2F93B /* arrow-left-black.png in Resources */,
				CBC29FDE24D0088E00E2F93B /* arrow-left-green.png in Resources */,
				CBC29FD624D0088E00E2F93B /* arrow-up-green.png in Resources */,
				CBC29FD324D0088E00E2F93B /* arrow-left-red.png in Resources */,
				CBC29FDD24D0088E00E2F93B /* arrow-down-green.png in Resources */,
				CBC29FD524D0088E00E2F93B /* arrow-right-green.png in Resources */,
				CBC29FDA24D0088E00E2F93B /* arrow-down-black.png in Resources */,
				CBC29FD724D0088E00E2F93B /* arrow-up-black.png in Resources */,
				CBC29FBF24D006C700E2F93B /* LaunchScreen.storyboard in Resources */,
				CBC29FBC24D006C700E2F93B /* Assets.xcassets in Resources */,
				CBC29FBA24D006C500E2F93B /* Main.storyboard in Resources */,
			);
			runOnlyForDeploymentPostprocessing = 0;
		};
/* End PBXResourcesBuildPhase section */

/* Begin PBXSourcesBuildPhase section */
		CBC29FAB24D006C500E2F93B /* Sources */ = {
			isa = PBXSourcesBuildPhase;
			buildActionMask = 2147483647;
			files = (
				CBC29FB724D006C500E2F93B /* ViewController.swift in Sources */,
				CBC29FB324D006C500E2F93B /* AppDelegate.swift in Sources */,
				CBC29FB524D006C500E2F93B /* SceneDelegate.swift in Sources */,
			);
			runOnlyForDeploymentPostprocessing = 0;
		};
/* End PBXSourcesBuildPhase section */

/* Begin PBXVariantGroup section */
		CBC29FB824D006C500E2F93B /* Main.storyboard */ = {
			isa = PBXVariantGroup;
			children = (
				CBC29FB924D006C500E2F93B /* Base */,
			);
			name = Main.storyboard;
			sourceTree = "<group>";
		};
		CBC29FBD24D006C700E2F93B /* LaunchScreen.storyboard */ = {
			isa = PBXVariantGroup;
			children = (
				CBC29FBE24D006C700E2F93B /* Base */,
			);
			name = LaunchScreen.storyboard;
			sourceTree = "<group>";
		};
/* End PBXVariantGroup section */

/* Begin XCBuildConfiguration section */
		CBC29FC124D006C700E2F93B /* Debug */ = {
			isa = XCBuildConfiguration;
			buildSettings = {
				ALWAYS_SEARCH_USER_PATHS = NO;
				CLANG_ANALYZER_NONNULL = YES;
				CLANG_ANALYZER_NUMBER_OBJECT_CONVERSION = YES_AGGRESSIVE;
				CLANG_CXX_LANGUAGE_STANDARD = "gnu++14";
				CLANG_CXX_LIBRARY = "libc++";
				CLANG_ENABLE_MODULES = YES;
				CLANG_ENABLE_OBJC_ARC = YES;
				CLANG_ENABLE_OBJC_WEAK = YES;
				CLANG_WARN_BLOCK_CAPTURE_AUTORELEASING = YES;
				CLANG_WARN_BOOL_CONVERSION = YES;
				CLANG_WARN_COMMA = YES;
				CLANG_WARN_CONSTANT_CONVERSION = YES;
				CLANG_WARN_DEPRECATED_OBJC_IMPLEMENTATIONS = YES;
				CLANG_WARN_DIRECT_OBJC_ISA_USAGE = YES_ERROR;
				CLANG_WARN_DOCUMENTATION_COMMENTS = YES;
				CLANG_WARN_EMPTY_BODY = YES;
				CLANG_WARN_ENUM_CONVERSION = YES;
				CLANG_WARN_INFINITE_RECURSION = YES;
				CLANG_WARN_INT_CONVERSION = YES;
				CLANG_WARN_NON_LITERAL_NULL_CONVERSION = YES;
				CLANG_WARN_OBJC_IMPLICIT_RETAIN_SELF = YES;
				CLANG_WARN_OBJC_LITERAL_CONVERSION = YES;
				CLANG_WARN_OBJC_ROOT_CLASS = YES_ERROR;
				CLANG_WARN_RANGE_LOOP_ANALYSIS = YES;
				CLANG_WARN_STRICT_PROTOTYPES = YES;
				CLANG_WARN_SUSPICIOUS_MOVE = YES;
				CLANG_WARN_UNGUARDED_AVAILABILITY = YES_AGGRESSIVE;
				CLANG_WARN_UNREACHABLE_CODE = YES;
				CLANG_WARN__DUPLICATE_METHOD_MATCH = YES;
				COPY_PHASE_STRIP = NO;
				DEBUG_INFORMATION_FORMAT = dwarf;
				ENABLE_STRICT_OBJC_MSGSEND = YES;
				ENABLE_TESTABILITY = YES;
				GCC_C_LANGUAGE_STANDARD = gnu11;
				GCC_DYNAMIC_NO_PIC = NO;
				GCC_NO_COMMON_BLOCKS = YES;
				GCC_OPTIMIZATION_LEVEL = 0;
				GCC_PREPROCESSOR_DEFINITIONS = (
					"DEBUG=1",
					"$(inherited)",
				);
				GCC_WARN_64_TO_32_BIT_CONVERSION = YES;
				GCC_WARN_ABOUT_RETURN_TYPE = YES_ERROR;
				GCC_WARN_UNDECLARED_SELECTOR = YES;
				GCC_WARN_UNINITIALIZED_AUTOS = YES_AGGRESSIVE;
				GCC_WARN_UNUSED_FUNCTION = YES;
				GCC_WARN_UNUSED_VARIABLE = YES;
				IPHONEOS_DEPLOYMENT_TARGET = 13.5;
				MTL_ENABLE_DEBUG_INFO = INCLUDE_SOURCE;
				MTL_FAST_MATH = YES;
				ONLY_ACTIVE_ARCH = YES;
				SDKROOT = iphoneos;
				SWIFT_ACTIVE_COMPILATION_CONDITIONS = DEBUG;
				SWIFT_OPTIMIZATION_LEVEL = "-Onone";
			};
			name = Debug;
		};
		CBC29FC224D006C700E2F93B /* Release */ = {
			isa = XCBuildConfiguration;
			buildSettings = {
				ALWAYS_SEARCH_USER_PATHS = NO;
				CLANG_ANALYZER_NONNULL = YES;
				CLANG_ANALYZER_NUMBER_OBJECT_CONVERSION = YES_AGGRESSIVE;
				CLANG_CXX_LANGUAGE_STANDARD = "gnu++14";
				CLANG_CXX_LIBRARY = "libc++";
				CLANG_ENABLE_MODULES = YES;
				CLANG_ENABLE_OBJC_ARC = YES;
				CLANG_ENABLE_OBJC_WEAK = YES;
				CLANG_WARN_BLOCK_CAPTURE_AUTORELEASING = YES;
				CLANG_WARN_BOOL_CONVERSION = YES;
				CLANG_WARN_COMMA = YES;
				CLANG_WARN_CONSTANT_CONVERSION = YES;
				CLANG_WARN_DEPRECATED_OBJC_IMPLEMENTATIONS = YES;
				CLANG_WARN_DIRECT_OBJC_ISA_USAGE = YES_ERROR;
				CLANG_WARN_DOCUMENTATION_COMMENTS = YES;
				CLANG_WARN_EMPTY_BODY = YES;
				CLANG_WARN_ENUM_CONVERSION = YES;
				CLANG_WARN_INFINITE_RECURSION = YES;
				CLANG_WARN_INT_CONVERSION = YES;
				CLANG_WARN_NON_LITERAL_NULL_CONVERSION = YES;
				CLANG_WARN_OBJC_IMPLICIT_RETAIN_SELF = YES;
				CLANG_WARN_OBJC_LITERAL_CONVERSION = YES;
				CLANG_WARN_OBJC_ROOT_CLASS = YES_ERROR;
				CLANG_WARN_RANGE_LOOP_ANALYSIS = YES;
				CLANG_WARN_STRICT_PROTOTYPES = YES;
				CLANG_WARN_SUSPICIOUS_MOVE = YES;
				CLANG_WARN_UNGUARDED_AVAILABILITY = YES_AGGRESSIVE;
				CLANG_WARN_UNREACHABLE_CODE = YES;
				CLANG_WARN__DUPLICATE_METHOD_MATCH = YES;
				COPY_PHASE_STRIP = NO;
				DEBUG_INFORMATION_FORMAT = "dwarf-with-dsym";
				ENABLE_NS_ASSERTIONS = NO;
				ENABLE_STRICT_OBJC_MSGSEND = YES;
				GCC_C_LANGUAGE_STANDARD = gnu11;
				GCC_NO_COMMON_BLOCKS = YES;
				GCC_WARN_64_TO_32_BIT_CONVERSION = YES;
				GCC_WARN_ABOUT_RETURN_TYPE = YES_ERROR;
				GCC_WARN_UNDECLARED_SELECTOR = YES;
				GCC_WARN_UNINITIALIZED_AUTOS = YES_AGGRESSIVE;
				GCC_WARN_UNUSED_FUNCTION = YES;
				GCC_WARN_UNUSED_VARIABLE = YES;
				IPHONEOS_DEPLOYMENT_TARGET = 13.5;
				MTL_ENABLE_DEBUG_INFO = NO;
				MTL_FAST_MATH = YES;
				SDKROOT = iphoneos;
				SWIFT_COMPILATION_MODE = wholemodule;
				SWIFT_OPTIMIZATION_LEVEL = "-O";
				VALIDATE_PRODUCT = YES;
			};
			name = Release;
		};
		CBC29FC424D006C700E2F93B /* Debug */ = {
			isa = XCBuildConfiguration;
			buildSettings = {
				ASSETCATALOG_COMPILER_APPICON_NAME = AppIcon;
				CODE_SIGN_STYLE = Automatic;
				INFOPLIST_FILE = SwipeGesture/Info.plist;
				LD_RUNPATH_SEARCH_PATHS = (
					"$(inherited)",
					"@executable_path/Frameworks",
				);
				PRODUCT_BUNDLE_IDENTIFIER = com.sh.SwipeGesture;
				PRODUCT_NAME = "$(TARGET_NAME)";
				SWIFT_VERSION = 5.0;
				TARGETED_DEVICE_FAMILY = "1,2";
			};
			name = Debug;
		};
		CBC29FC524D006C700E2F93B /* Release */ = {
			isa = XCBuildConfiguration;
			buildSettings = {
				ASSETCATALOG_COMPILER_APPICON_NAME = AppIcon;
				CODE_SIGN_STYLE = Automatic;
				INFOPLIST_FILE = SwipeGesture/Info.plist;
				LD_RUNPATH_SEARCH_PATHS = (
					"$(inherited)",
					"@executable_path/Frameworks",
				);
				PRODUCT_BUNDLE_IDENTIFIER = com.sh.SwipeGesture;
				PRODUCT_NAME = "$(TARGET_NAME)";
				SWIFT_VERSION = 5.0;
				TARGETED_DEVICE_FAMILY = "1,2";
			};
			name = Release;
		};
/* End XCBuildConfiguration section */

/* Begin XCConfigurationList section */
		CBC29FAA24D006C500E2F93B /* Build configuration list for PBXProject "SwipeGesture" */ = {
			isa = XCConfigurationList;
			buildConfigurations = (
				CBC29FC124D006C700E2F93B /* Debug */,
				CBC29FC224D006C700E2F93B /* Release */,
			);
			defaultConfigurationIsVisible = 0;
			defaultConfigurationName = Release;
		};
		CBC29FC324D006C700E2F93B /* Build configuration list for PBXNativeTarget "SwipeGesture" */ = {
			isa = XCConfigurationList;
			buildConfigurations = (
				CBC29FC424D006C700E2F93B /* Debug */,
				CBC29FC524D006C700E2F93B /* Release */,
			);
			defaultConfigurationIsVisible = 0;
			defaultConfigurationName = Release;
		};
/* End XCConfigurationList section */
	};
	rootObject = CBC29FA724D006C500E2F93B /* Project object */;
}
